// !$*UTF8*$!
{
	archiveVersion = 1;
	classes = {
	};
	objectVersion = 55;
	objects = {

/* Begin PBXBuildFile section */
		AC6F373D289FB367001674C5 /* TextImporterView.swift in Sources */ = {isa = PBXBuildFile; fileRef = AC6F373C289FB367001674C5 /* TextImporterView.swift */; };
		AC6F374028A4E93B001674C5 /* SwiftASTView.swift in Sources */ = {isa = PBXBuildFile; fileRef = AC6F373F28A4E93B001674C5 /* SwiftASTView.swift */; };
		AC6F374228A4E94F001674C5 /* SwiftFile.swift in Sources */ = {isa = PBXBuildFile; fileRef = AC6F374128A4E94F001674C5 /* SwiftFile.swift */; };
		AC6F374528A4EE15001674C5 /* SwiftSyntax in Frameworks */ = {isa = PBXBuildFile; productRef = AC6F374428A4EE15001674C5 /* SwiftSyntax */; };
		AC6F374728A4EE15001674C5 /* SwiftSyntaxBuilder in Frameworks */ = {isa = PBXBuildFile; productRef = AC6F374628A4EE15001674C5 /* SwiftSyntaxBuilder */; };
		AC6F374928A4EE15001674C5 /* SwiftSyntaxParser in Frameworks */ = {isa = PBXBuildFile; productRef = AC6F374828A4EE15001674C5 /* SwiftSyntaxParser */; };
		AC6F374B28A4F03F001674C5 /* MySyntaxRewriter.swift in Sources */ = {isa = PBXBuildFile; fileRef = AC6F374A28A4F03F001674C5 /* MySyntaxRewriter.swift */; };
		AC6F374D28ACC2B5001674C5 /* Sample.swift in Sources */ = {isa = PBXBuildFile; fileRef = AC6F374C28ACC2B5001674C5 /* Sample.swift */; };
		AC6F374F28ACC3D3001674C5 /* CodeScrollView.swift in Sources */ = {isa = PBXBuildFile; fileRef = AC6F374E28ACC3D3001674C5 /* CodeScrollView.swift */; };
		AC6F375228B899BD001674C5 /* StringVisitor.swift in Sources */ = {isa = PBXBuildFile; fileRef = AC6F375128B899BD001674C5 /* StringVisitor.swift */; };
		AC6F375428B8A099001674C5 /* StringVisitorWalker.swift in Sources */ = {isa = PBXBuildFile; fileRef = AC6F375328B8A099001674C5 /* StringVisitorWalker.swift */; };
		AC6F375828B8A527001674C5 /* StringVisitorView.swift in Sources */ = {isa = PBXBuildFile; fileRef = AC6F375728B8A527001674C5 /* StringVisitorView.swift */; };
		AC92909B289CFDC300F4900E /* TryComponentsApp.swift in Sources */ = {isa = PBXBuildFile; fileRef = AC92909A289CFDC300F4900E /* TryComponentsApp.swift */; };
		AC92909D289CFDC300F4900E /* ContentView.swift in Sources */ = {isa = PBXBuildFile; fileRef = AC92909C289CFDC300F4900E /* ContentView.swift */; };
		AC9290A4289CFDC400F4900E /* Persistence.swift in Sources */ = {isa = PBXBuildFile; fileRef = AC9290A3289CFDC400F4900E /* Persistence.swift */; };
		AC9290A7289CFDC400F4900E /* TryComponents.xcdatamodeld in Sources */ = {isa = PBXBuildFile; fileRef = AC9290A5289CFDC400F4900E /* TryComponents.xcdatamodeld */; };
		AC9290B0289CFF6C00F4900E /* FileImporterView.swift in Sources */ = {isa = PBXBuildFile; fileRef = AC9290AF289CFF6C00F4900E /* FileImporterView.swift */; };
		AC94985C28B8A8820055C50B /* StringVisitorSample.swift in Sources */ = {isa = PBXBuildFile; fileRef = AC94985B28B8A8820055C50B /* StringVisitorSample.swift */; };
		ACA0989F28E0475700670F00 /* FlagShape.swift in Sources */ = {isa = PBXBuildFile; fileRef = ACA0989E28E0475700670F00 /* FlagShape.swift */; };
		ACA098A228E04DCA00670F00 /* IndexFrame.swift in Sources */ = {isa = PBXBuildFile; fileRef = ACA098A128E04DCA00670F00 /* IndexFrame.swift */; };
		ACA098A428E13A2000670F00 /* HeaderPartsView.swift in Sources */ = {isa = PBXBuildFile; fileRef = ACA098A328E13A2000670F00 /* HeaderPartsView.swift */; };
		ACA098A628E13BAA00670F00 /* HeaderPartsFrame.swift in Sources */ = {isa = PBXBuildFile; fileRef = ACA098A528E13BAA00670F00 /* HeaderPartsFrame.swift */; };
		ACA098A828E13F9E00670F00 /* IndexFrameWithText.swift in Sources */ = {isa = PBXBuildFile; fileRef = ACA098A728E13F9E00670F00 /* IndexFrameWithText.swift */; };
		ACA098AA28E16EFD00670F00 /* HeaderPartsFrameWithText.swift in Sources */ = {isa = PBXBuildFile; fileRef = ACA098A928E16EFD00670F00 /* HeaderPartsFrameWithText.swift */; };
		ACA098AC28E1713F00670F00 /* ChangableScaleHeaderPartsView.swift in Sources */ = {isa = PBXBuildFile; fileRef = ACA098AB28E1713F00670F00 /* ChangableScaleHeaderPartsView.swift */; };
		ACA098AE28E19EBF00670F00 /* PartsFrame.swift in Sources */ = {isa = PBXBuildFile; fileRef = ACA098AD28E19EBF00670F00 /* PartsFrame.swift */; };
/* End PBXBuildFile section */

/* Begin PBXFileReference section */
		AC6F373C289FB367001674C5 /* TextImporterView.swift */ = {isa = PBXFileReference; lastKnownFileType = sourcecode.swift; path = TextImporterView.swift; sourceTree = "<group>"; };
		AC6F373F28A4E93B001674C5 /* SwiftASTView.swift */ = {isa = PBXFileReference; lastKnownFileType = sourcecode.swift; path = SwiftASTView.swift; sourceTree = "<group>"; };
		AC6F374128A4E94F001674C5 /* SwiftFile.swift */ = {isa = PBXFileReference; lastKnownFileType = sourcecode.swift; path = SwiftFile.swift; sourceTree = "<group>"; };
		AC6F374A28A4F03F001674C5 /* MySyntaxRewriter.swift */ = {isa = PBXFileReference; lastKnownFileType = sourcecode.swift; path = MySyntaxRewriter.swift; sourceTree = "<group>"; };
		AC6F374C28ACC2B5001674C5 /* Sample.swift */ = {isa = PBXFileReference; lastKnownFileType = sourcecode.swift; path = Sample.swift; sourceTree = "<group>"; };
		AC6F374E28ACC3D3001674C5 /* CodeScrollView.swift */ = {isa = PBXFileReference; lastKnownFileType = sourcecode.swift; path = CodeScrollView.swift; sourceTree = "<group>"; };
		AC6F375128B899BD001674C5 /* StringVisitor.swift */ = {isa = PBXFileReference; lastKnownFileType = sourcecode.swift; path = StringVisitor.swift; sourceTree = "<group>"; };
		AC6F375328B8A099001674C5 /* StringVisitorWalker.swift */ = {isa = PBXFileReference; lastKnownFileType = sourcecode.swift; path = StringVisitorWalker.swift; sourceTree = "<group>"; };
		AC6F375728B8A527001674C5 /* StringVisitorView.swift */ = {isa = PBXFileReference; lastKnownFileType = sourcecode.swift; path = StringVisitorView.swift; sourceTree = "<group>"; };
		AC929097289CFDC300F4900E /* TryComponents.app */ = {isa = PBXFileReference; explicitFileType = wrapper.application; includeInIndex = 0; path = TryComponents.app; sourceTree = BUILT_PRODUCTS_DIR; };
		AC92909A289CFDC300F4900E /* TryComponentsApp.swift */ = {isa = PBXFileReference; lastKnownFileType = sourcecode.swift; path = TryComponentsApp.swift; sourceTree = "<group>"; };
		AC92909C289CFDC300F4900E /* ContentView.swift */ = {isa = PBXFileReference; lastKnownFileType = sourcecode.swift; path = ContentView.swift; sourceTree = "<group>"; };
		AC92909E289CFDC400F4900E /* Assets.xcassets */ = {isa = PBXFileReference; lastKnownFileType = folder.assetcatalog; path = Assets.xcassets; sourceTree = "<group>"; };
		AC9290A1289CFDC400F4900E /* Preview Assets.xcassets */ = {isa = PBXFileReference; lastKnownFileType = folder.assetcatalog; path = "Preview Assets.xcassets"; sourceTree = "<group>"; };
		AC9290A3289CFDC400F4900E /* Persistence.swift */ = {isa = PBXFileReference; lastKnownFileType = sourcecode.swift; path = Persistence.swift; sourceTree = "<group>"; };
		AC9290A6289CFDC400F4900E /* TryComponents.xcdatamodel */ = {isa = PBXFileReference; lastKnownFileType = wrapper.xcdatamodel; path = TryComponents.xcdatamodel; sourceTree = "<group>"; };
		AC9290A8289CFDC400F4900E /* TryComponents.entitlements */ = {isa = PBXFileReference; lastKnownFileType = text.plist.entitlements; path = TryComponents.entitlements; sourceTree = "<group>"; };
		AC9290AF289CFF6C00F4900E /* FileImporterView.swift */ = {isa = PBXFileReference; lastKnownFileType = sourcecode.swift; path = FileImporterView.swift; sourceTree = "<group>"; };
		AC94985B28B8A8820055C50B /* StringVisitorSample.swift */ = {isa = PBXFileReference; lastKnownFileType = sourcecode.swift; path = StringVisitorSample.swift; sourceTree = "<group>"; };
		ACA0989E28E0475700670F00 /* FlagShape.swift */ = {isa = PBXFileReference; lastKnownFileType = sourcecode.swift; path = FlagShape.swift; sourceTree = "<group>"; };
		ACA098A128E04DCA00670F00 /* IndexFrame.swift */ = {isa = PBXFileReference; lastKnownFileType = sourcecode.swift; path = IndexFrame.swift; sourceTree = "<group>"; };
		ACA098A328E13A2000670F00 /* HeaderPartsView.swift */ = {isa = PBXFileReference; lastKnownFileType = sourcecode.swift; path = HeaderPartsView.swift; sourceTree = "<group>"; };
		ACA098A528E13BAA00670F00 /* HeaderPartsFrame.swift */ = {isa = PBXFileReference; lastKnownFileType = sourcecode.swift; path = HeaderPartsFrame.swift; sourceTree = "<group>"; };
		ACA098A728E13F9E00670F00 /* IndexFrameWithText.swift */ = {isa = PBXFileReference; lastKnownFileType = sourcecode.swift; path = IndexFrameWithText.swift; sourceTree = "<group>"; };
		ACA098A928E16EFD00670F00 /* HeaderPartsFrameWithText.swift */ = {isa = PBXFileReference; lastKnownFileType = sourcecode.swift; path = HeaderPartsFrameWithText.swift; sourceTree = "<group>"; };
		ACA098AB28E1713F00670F00 /* ChangableScaleHeaderPartsView.swift */ = {isa = PBXFileReference; lastKnownFileType = sourcecode.swift; path = ChangableScaleHeaderPartsView.swift; sourceTree = "<group>"; };
		ACA098AD28E19EBF00670F00 /* PartsFrame.swift */ = {isa = PBXFileReference; lastKnownFileType = sourcecode.swift; path = PartsFrame.swift; sourceTree = "<group>"; };
/* End PBXFileReference section */

/* Begin PBXFrameworksBuildPhase section */
		AC929094289CFDC300F4900E /* Frameworks */ = {
			isa = PBXFrameworksBuildPhase;
			buildActionMask = 2147483647;
			files = (
				AC6F374928A4EE15001674C5 /* SwiftSyntaxParser in Frameworks */,
				AC6F374528A4EE15001674C5 /* SwiftSyntax in Frameworks */,
				AC6F374728A4EE15001674C5 /* SwiftSyntaxBuilder in Frameworks */,
			);
			runOnlyForDeploymentPostprocessing = 0;
		};
/* End PBXFrameworksBuildPhase section */

/* Begin PBXGroup section */
		AC6F373E28A4E914001674C5 /* SwiftAST */ = {
			isa = PBXGroup;
			children = (
				AC6F373F28A4E93B001674C5 /* SwiftASTView.swift */,
				AC6F374E28ACC3D3001674C5 /* CodeScrollView.swift */,
				AC6F374A28A4F03F001674C5 /* MySyntaxRewriter.swift */,
				AC6F374128A4E94F001674C5 /* SwiftFile.swift */,
				AC6F374C28ACC2B5001674C5 /* Sample.swift */,
			);
			path = SwiftAST;
			sourceTree = "<group>";
		};
		AC6F375028B89983001674C5 /* SwiftSyntaxIntroduction */ = {
			isa = PBXGroup;
			children = (
				AC6F375128B899BD001674C5 /* StringVisitor.swift */,
				AC6F375328B8A099001674C5 /* StringVisitorWalker.swift */,
				AC6F375728B8A527001674C5 /* StringVisitorView.swift */,
				AC94985B28B8A8820055C50B /* StringVisitorSample.swift */,
			);
			path = SwiftSyntaxIntroduction;
			sourceTree = "<group>";
		};
		AC92908E289CFDC300F4900E = {
			isa = PBXGroup;
			children = (
				AC929099289CFDC300F4900E /* TryComponents */,
				AC929098289CFDC300F4900E /* Products */,
			);
			sourceTree = "<group>";
		};
		AC929098289CFDC300F4900E /* Products */ = {
			isa = PBXGroup;
			children = (
				AC929097289CFDC300F4900E /* TryComponents.app */,
			);
			name = Products;
			sourceTree = "<group>";
		};
		AC929099289CFDC300F4900E /* TryComponents */ = {
			isa = PBXGroup;
			children = (
				AC92909A289CFDC300F4900E /* TryComponentsApp.swift */,
				AC92909C289CFDC300F4900E /* ContentView.swift */,
				ACA0989D28E0445A00670F00 /* ResearchFigure */,
				AC6F375028B89983001674C5 /* SwiftSyntaxIntroduction */,
				AC9290AE289CFF3A00F4900E /* OpenFile */,
				AC92909E289CFDC400F4900E /* Assets.xcassets */,
				AC9290A3289CFDC400F4900E /* Persistence.swift */,
				AC9290A8289CFDC400F4900E /* TryComponents.entitlements */,
				AC9290A5289CFDC400F4900E /* TryComponents.xcdatamodeld */,
				AC9290A0289CFDC400F4900E /* Preview Content */,
			);
			path = TryComponents;
			sourceTree = "<group>";
		};
		AC9290A0289CFDC400F4900E /* Preview Content */ = {
			isa = PBXGroup;
			children = (
				AC9290A1289CFDC400F4900E /* Preview Assets.xcassets */,
			);
			path = "Preview Content";
			sourceTree = "<group>";
		};
		AC9290AE289CFF3A00F4900E /* OpenFile */ = {
			isa = PBXGroup;
			children = (
				AC9290AF289CFF6C00F4900E /* FileImporterView.swift */,
				AC6F373C289FB367001674C5 /* TextImporterView.swift */,
				AC6F373E28A4E914001674C5 /* SwiftAST */,
			);
			path = OpenFile;
			sourceTree = "<group>";
		};
		ACA0989D28E0445A00670F00 /* ResearchFigure */ = {
			isa = PBXGroup;
			children = (
				ACA0989E28E0475700670F00 /* FlagShape.swift */,
				ACA098A028E04D9B00670F00 /* HeaderParts */,
			);
			path = ResearchFigure;
			sourceTree = "<group>";
		};
		ACA098A028E04D9B00670F00 /* HeaderParts */ = {
			isa = PBXGroup;
			children = (
				ACA098A128E04DCA00670F00 /* IndexFrame.swift */,
				ACA098A328E13A2000670F00 /* HeaderPartsView.swift */,
				ACA098AB28E1713F00670F00 /* ChangableScaleHeaderPartsView.swift */,
				ACA098A728E13F9E00670F00 /* IndexFrameWithText.swift */,
				ACA098A528E13BAA00670F00 /* HeaderPartsFrame.swift */,
				ACA098A928E16EFD00670F00 /* HeaderPartsFrameWithText.swift */,
				ACA098AD28E19EBF00670F00 /* PartsFrame.swift */,
			);
			path = HeaderParts;
			sourceTree = "<group>";
		};
/* End PBXGroup section */

/* Begin PBXNativeTarget section */
		AC929096289CFDC300F4900E /* TryComponents */ = {
			isa = PBXNativeTarget;
			buildConfigurationList = AC9290AB289CFDC400F4900E /* Build configuration list for PBXNativeTarget "TryComponents" */;
			buildPhases = (
				AC929093289CFDC300F4900E /* Sources */,
				AC929094289CFDC300F4900E /* Frameworks */,
				AC929095289CFDC300F4900E /* Resources */,
			);
			buildRules = (
			);
			dependencies = (
			);
			name = TryComponents;
			packageProductDependencies = (
				AC6F374428A4EE15001674C5 /* SwiftSyntax */,
				AC6F374628A4EE15001674C5 /* SwiftSyntaxBuilder */,
				AC6F374828A4EE15001674C5 /* SwiftSyntaxParser */,
			);
			productName = TryComponents;
			productReference = AC929097289CFDC300F4900E /* TryComponents.app */;
			productType = "com.apple.product-type.application";
		};
/* End PBXNativeTarget section */

/* Begin PBXProject section */
		AC92908F289CFDC300F4900E /* Project object */ = {
			isa = PBXProject;
			attributes = {
				BuildIndependentTargetsInParallel = 1;
				LastSwiftUpdateCheck = 1340;
				LastUpgradeCheck = 1340;
				TargetAttributes = {
					AC929096289CFDC300F4900E = {
						CreatedOnToolsVersion = 13.4;
					};
				};
			};
			buildConfigurationList = AC929092289CFDC300F4900E /* Build configuration list for PBXProject "TryComponents" */;
			compatibilityVersion = "Xcode 13.0";
			developmentRegion = en;
			hasScannedForEncodings = 0;
			knownRegions = (
				en,
				Base,
			);
			mainGroup = AC92908E289CFDC300F4900E;
			packageReferences = (
				AC6F374328A4EE15001674C5 /* XCRemoteSwiftPackageReference "swift-syntax" */,
			);
			productRefGroup = AC929098289CFDC300F4900E /* Products */;
			projectDirPath = "";
			projectRoot = "";
			targets = (
				AC929096289CFDC300F4900E /* TryComponents */,
			);
		};
/* End PBXProject section */

/* Begin PBXResourcesBuildPhase section */
		AC929095289CFDC300F4900E /* Resources */ = {
			isa = PBXResourcesBuildPhase;
			buildActionMask = 2147483647;
			files = (
			);
			runOnlyForDeploymentPostprocessing = 0;
		};
/* End PBXResourcesBuildPhase section */

/* Begin PBXSourcesBuildPhase section */
		AC929093289CFDC300F4900E /* Sources */ = {
			isa = PBXSourcesBuildPhase;
			buildActionMask = 2147483647;
			files = (
				ACA098A428E13A2000670F00 /* HeaderPartsView.swift in Sources */,
				AC9290A4289CFDC400F4900E /* Persistence.swift in Sources */,
				AC6F375228B899BD001674C5 /* StringVisitor.swift in Sources */,
				ACA098A228E04DCA00670F00 /* IndexFrame.swift in Sources */,
				AC6F375428B8A099001674C5 /* StringVisitorWalker.swift in Sources */,
				ACA098AA28E16EFD00670F00 /* HeaderPartsFrameWithText.swift in Sources */,
				AC6F374F28ACC3D3001674C5 /* CodeScrollView.swift in Sources */,
				AC6F374B28A4F03F001674C5 /* MySyntaxRewriter.swift in Sources */,
				ACA0989F28E0475700670F00 /* FlagShape.swift in Sources */,
				AC6F375828B8A527001674C5 /* StringVisitorView.swift in Sources */,
				AC6F373D289FB367001674C5 /* TextImporterView.swift in Sources */,
				ACA098AE28E19EBF00670F00 /* PartsFrame.swift in Sources */,
				ACA098AC28E1713F00670F00 /* ChangableScaleHeaderPartsView.swift in Sources */,
				AC92909D289CFDC300F4900E /* ContentView.swift in Sources */,
				AC94985C28B8A8820055C50B /* StringVisitorSample.swift in Sources */,
				AC92909B289CFDC300F4900E /* TryComponentsApp.swift in Sources */,
				AC6F374D28ACC2B5001674C5 /* Sample.swift in Sources */,
				AC6F374028A4E93B001674C5 /* SwiftASTView.swift in Sources */,
				AC9290A7289CFDC400F4900E /* TryComponents.xcdatamodeld in Sources */,
				AC6F374228A4E94F001674C5 /* SwiftFile.swift in Sources */,
				ACA098A628E13BAA00670F00 /* HeaderPartsFrame.swift in Sources */,
				AC9290B0289CFF6C00F4900E /* FileImporterView.swift in Sources */,
				ACA098A828E13F9E00670F00 /* IndexFrameWithText.swift in Sources */,
			);
			runOnlyForDeploymentPostprocessing = 0;
		};
/* End PBXSourcesBuildPhase section */

/* Begin XCBuildConfiguration section */
		AC9290A9289CFDC400F4900E /* Debug */ = {
			isa = XCBuildConfiguration;
			buildSettings = {
				ALWAYS_SEARCH_USER_PATHS = NO;
				CLANG_ANALYZER_NONNULL = YES;
				CLANG_ANALYZER_NUMBER_OBJECT_CONVERSION = YES_AGGRESSIVE;
				CLANG_CXX_LANGUAGE_STANDARD = "gnu++17";
				CLANG_ENABLE_MODULES = YES;
				CLANG_ENABLE_OBJC_ARC = YES;
				CLANG_ENABLE_OBJC_WEAK = YES;
				CLANG_WARN_BLOCK_CAPTURE_AUTORELEASING = YES;
				CLANG_WARN_BOOL_CONVERSION = YES;
				CLANG_WARN_COMMA = YES;
				CLANG_WARN_CONSTANT_CONVERSION = YES;
				CLANG_WARN_DEPRECATED_OBJC_IMPLEMENTATIONS = YES;
				CLANG_WARN_DIRECT_OBJC_ISA_USAGE = YES_ERROR;
				CLANG_WARN_DOCUMENTATION_COMMENTS = YES;
				CLANG_WARN_EMPTY_BODY = YES;
				CLANG_WARN_ENUM_CONVERSION = YES;
				CLANG_WARN_INFINITE_RECURSION = YES;
				CLANG_WARN_INT_CONVERSION = YES;
				CLANG_WARN_NON_LITERAL_NULL_CONVERSION = YES;
				CLANG_WARN_OBJC_IMPLICIT_RETAIN_SELF = YES;
				CLANG_WARN_OBJC_LITERAL_CONVERSION = YES;
				CLANG_WARN_OBJC_ROOT_CLASS = YES_ERROR;
				CLANG_WARN_QUOTED_INCLUDE_IN_FRAMEWORK_HEADER = YES;
				CLANG_WARN_RANGE_LOOP_ANALYSIS = YES;
				CLANG_WARN_STRICT_PROTOTYPES = YES;
				CLANG_WARN_SUSPICIOUS_MOVE = YES;
				CLANG_WARN_UNGUARDED_AVAILABILITY = YES_AGGRESSIVE;
				CLANG_WARN_UNREACHABLE_CODE = YES;
				CLANG_WARN__DUPLICATE_METHOD_MATCH = YES;
				COPY_PHASE_STRIP = NO;
				DEBUG_INFORMATION_FORMAT = dwarf;
				ENABLE_STRICT_OBJC_MSGSEND = YES;
				ENABLE_TESTABILITY = YES;
				GCC_C_LANGUAGE_STANDARD = gnu11;
				GCC_DYNAMIC_NO_PIC = NO;
				GCC_NO_COMMON_BLOCKS = YES;
				GCC_OPTIMIZATION_LEVEL = 0;
				GCC_PREPROCESSOR_DEFINITIONS = (
					"DEBUG=1",
					"$(inherited)",
				);
				GCC_WARN_64_TO_32_BIT_CONVERSION = YES;
				GCC_WARN_ABOUT_RETURN_TYPE = YES_ERROR;
				GCC_WARN_UNDECLARED_SELECTOR = YES;
				GCC_WARN_UNINITIALIZED_AUTOS = YES_AGGRESSIVE;
				GCC_WARN_UNUSED_FUNCTION = YES;
				GCC_WARN_UNUSED_VARIABLE = YES;
				MACOSX_DEPLOYMENT_TARGET = 12.3;
				MTL_ENABLE_DEBUG_INFO = INCLUDE_SOURCE;
				MTL_FAST_MATH = YES;
				ONLY_ACTIVE_ARCH = YES;
				SDKROOT = macosx;
				SWIFT_ACTIVE_COMPILATION_CONDITIONS = DEBUG;
				SWIFT_OPTIMIZATION_LEVEL = "-Onone";
			};
			name = Debug;
		};
		AC9290AA289CFDC400F4900E /* Release */ = {
			isa = XCBuildConfiguration;
			buildSettings = {
				ALWAYS_SEARCH_USER_PATHS = NO;
				CLANG_ANALYZER_NONNULL = YES;
				CLANG_ANALYZER_NUMBER_OBJECT_CONVERSION = YES_AGGRESSIVE;
				CLANG_CXX_LANGUAGE_STANDARD = "gnu++17";
				CLANG_ENABLE_MODULES = YES;
				CLANG_ENABLE_OBJC_ARC = YES;
				CLANG_ENABLE_OBJC_WEAK = YES;
				CLANG_WARN_BLOCK_CAPTURE_AUTORELEASING = YES;
				CLANG_WARN_BOOL_CONVERSION = YES;
				CLANG_WARN_COMMA = YES;
				CLANG_WARN_CONSTANT_CONVERSION = YES;
				CLANG_WARN_DEPRECATED_OBJC_IMPLEMENTATIONS = YES;
				CLANG_WARN_DIRECT_OBJC_ISA_USAGE = YES_ERROR;
				CLANG_WARN_DOCUMENTATION_COMMENTS = YES;
				CLANG_WARN_EMPTY_BODY = YES;
				CLANG_WARN_ENUM_CONVERSION = YES;
				CLANG_WARN_INFINITE_RECURSION = YES;
				CLANG_WARN_INT_CONVERSION = YES;
				CLANG_WARN_NON_LITERAL_NULL_CONVERSION = YES;
				CLANG_WARN_OBJC_IMPLICIT_RETAIN_SELF = YES;
				CLANG_WARN_OBJC_LITERAL_CONVERSION = YES;
				CLANG_WARN_OBJC_ROOT_CLASS = YES_ERROR;
				CLANG_WARN_QUOTED_INCLUDE_IN_FRAMEWORK_HEADER = YES;
				CLANG_WARN_RANGE_LOOP_ANALYSIS = YES;
				CLANG_WARN_STRICT_PROTOTYPES = YES;
				CLANG_WARN_SUSPICIOUS_MOVE = YES;
				CLANG_WARN_UNGUARDED_AVAILABILITY = YES_AGGRESSIVE;
				CLANG_WARN_UNREACHABLE_CODE = YES;
				CLANG_WARN__DUPLICATE_METHOD_MATCH = YES;
				COPY_PHASE_STRIP = NO;
				DEBUG_INFORMATION_FORMAT = "dwarf-with-dsym";
				ENABLE_NS_ASSERTIONS = NO;
				ENABLE_STRICT_OBJC_MSGSEND = YES;
				GCC_C_LANGUAGE_STANDARD = gnu11;
				GCC_NO_COMMON_BLOCKS = YES;
				GCC_WARN_64_TO_32_BIT_CONVERSION = YES;
				GCC_WARN_ABOUT_RETURN_TYPE = YES_ERROR;
				GCC_WARN_UNDECLARED_SELECTOR = YES;
				GCC_WARN_UNINITIALIZED_AUTOS = YES_AGGRESSIVE;
				GCC_WARN_UNUSED_FUNCTION = YES;
				GCC_WARN_UNUSED_VARIABLE = YES;
				MACOSX_DEPLOYMENT_TARGET = 12.3;
				MTL_ENABLE_DEBUG_INFO = NO;
				MTL_FAST_MATH = YES;
				SDKROOT = macosx;
				SWIFT_COMPILATION_MODE = wholemodule;
				SWIFT_OPTIMIZATION_LEVEL = "-O";
			};
			name = Release;
		};
		AC9290AC289CFDC400F4900E /* Debug */ = {
			isa = XCBuildConfiguration;
			buildSettings = {
				ASSETCATALOG_COMPILER_APPICON_NAME = AppIcon;
				ASSETCATALOG_COMPILER_GLOBAL_ACCENT_COLOR_NAME = AccentColor;
				CODE_SIGN_ENTITLEMENTS = TryComponents/TryComponents.entitlements;
				CODE_SIGN_STYLE = Automatic;
				COMBINE_HIDPI_IMAGES = YES;
				CURRENT_PROJECT_VERSION = 1;
				DEVELOPMENT_ASSET_PATHS = "\"TryComponents/Preview Content\"";
				DEVELOPMENT_TEAM = Y2VF5F9C77;
				ENABLE_HARDENED_RUNTIME = YES;
				ENABLE_PREVIEWS = YES;
				GENERATE_INFOPLIST_FILE = YES;
				INFOPLIST_KEY_NSHumanReadableCopyright = "";
				LD_RUNPATH_SEARCH_PATHS = (
					"$(inherited)",
					"@executable_path/../Frameworks",
				);
				MARKETING_VERSION = 1.0;
				PRODUCT_BUNDLE_IDENTIFIER = com.gmail.haloupgarou.TryComponents;
				PRODUCT_NAME = "$(TARGET_NAME)";
				SWIFT_EMIT_LOC_STRINGS = YES;
				SWIFT_VERSION = 5.0;
			};
			name = Debug;
		};
		AC9290AD289CFDC400F4900E /* Release */ = {
			isa = XCBuildConfiguration;
			buildSettings = {
				ASSETCATALOG_COMPILER_APPICON_NAME = AppIcon;
				ASSETCATALOG_COMPILER_GLOBAL_ACCENT_COLOR_NAME = AccentColor;
				CODE_SIGN_ENTITLEMENTS = TryComponents/TryComponents.entitlements;
				CODE_SIGN_STYLE = Automatic;
				COMBINE_HIDPI_IMAGES = YES;
				CURRENT_PROJECT_VERSION = 1;
				DEVELOPMENT_ASSET_PATHS = "\"TryComponents/Preview Content\"";
				DEVELOPMENT_TEAM = Y2VF5F9C77;
				ENABLE_HARDENED_RUNTIME = YES;
				ENABLE_PREVIEWS = YES;
				GENERATE_INFOPLIST_FILE = YES;
				INFOPLIST_KEY_NSHumanReadableCopyright = "";
				LD_RUNPATH_SEARCH_PATHS = (
					"$(inherited)",
					"@executable_path/../Frameworks",
				);
				MARKETING_VERSION = 1.0;
				PRODUCT_BUNDLE_IDENTIFIER = com.gmail.haloupgarou.TryComponents;
				PRODUCT_NAME = "$(TARGET_NAME)";
				SWIFT_EMIT_LOC_STRINGS = YES;
				SWIFT_VERSION = 5.0;
			};
			name = Release;
		};
/* End XCBuildConfiguration section */

/* Begin XCConfigurationList section */
		AC929092289CFDC300F4900E /* Build configuration list for PBXProject "TryComponents" */ = {
			isa = XCConfigurationList;
			buildConfigurations = (
				AC9290A9289CFDC400F4900E /* Debug */,
				AC9290AA289CFDC400F4900E /* Release */,
			);
			defaultConfigurationIsVisible = 0;
			defaultConfigurationName = Release;
		};
		AC9290AB289CFDC400F4900E /* Build configuration list for PBXNativeTarget "TryComponents" */ = {
			isa = XCConfigurationList;
			buildConfigurations = (
				AC9290AC289CFDC400F4900E /* Debug */,
				AC9290AD289CFDC400F4900E /* Release */,
			);
			defaultConfigurationIsVisible = 0;
			defaultConfigurationName = Release;
		};
/* End XCConfigurationList section */

/* Begin XCRemoteSwiftPackageReference section */
		AC6F374328A4EE15001674C5 /* XCRemoteSwiftPackageReference "swift-syntax" */ = {
			isa = XCRemoteSwiftPackageReference;
			repositoryURL = "https://github.com/apple/swift-syntax";
			requirement = {
				kind = upToNextMajorVersion;
				minimumVersion = 0.50600.1;
			};
		};
/* End XCRemoteSwiftPackageReference section */

/* Begin XCSwiftPackageProductDependency section */
		AC6F374428A4EE15001674C5 /* SwiftSyntax */ = {
			isa = XCSwiftPackageProductDependency;
			package = AC6F374328A4EE15001674C5 /* XCRemoteSwiftPackageReference "swift-syntax" */;
			productName = SwiftSyntax;
		};
		AC6F374628A4EE15001674C5 /* SwiftSyntaxBuilder */ = {
			isa = XCSwiftPackageProductDependency;
			package = AC6F374328A4EE15001674C5 /* XCRemoteSwiftPackageReference "swift-syntax" */;
			productName = SwiftSyntaxBuilder;
		};
		AC6F374828A4EE15001674C5 /* SwiftSyntaxParser */ = {
			isa = XCSwiftPackageProductDependency;
			package = AC6F374328A4EE15001674C5 /* XCRemoteSwiftPackageReference "swift-syntax" */;
			productName = SwiftSyntaxParser;
		};
/* End XCSwiftPackageProductDependency section */

/* Begin XCVersionGroup section */
		AC9290A5289CFDC400F4900E /* TryComponents.xcdatamodeld */ = {
			isa = XCVersionGroup;
			children = (
				AC9290A6289CFDC400F4900E /* TryComponents.xcdatamodel */,
			);
			currentVersion = AC9290A6289CFDC400F4900E /* TryComponents.xcdatamodel */;
			path = TryComponents.xcdatamodeld;
			sourceTree = "<group>";
			versionGroupType = wrapper.xcdatamodel;
		};
/* End XCVersionGroup section */
	};
	rootObject = AC92908F289CFDC300F4900E /* Project object */;
}
